
Microsoft Visual Studio Solution File, Format Version 11.00
# Visual Studio 2010
Project("{E24C65DC-7377-472B-9ABA-BC803B73C61A}") = "Example", ".", "{1487E570-2106-42C5-912D-6BC205826F4C}"
	ProjectSection(WebsiteProperties) = preProject
		TargetFrameworkMoniker = ".NETFramework,Version%3Dv4.0"
		Debug.AspNetCompiler.VirtualPath = "/trunk"
		Debug.AspNetCompiler.PhysicalPath = "..\Example\"
		Debug.AspNetCompiler.TargetPath = "PrecompiledWeb\trunk\"
		Debug.AspNetCompiler.Updateable = "true"
		Debug.AspNetCompiler.ForceOverwrite = "true"
		Debug.AspNetCompiler.FixedNames = "false"
		Debug.AspNetCompiler.Debug = "True"
		Release.AspNetCompiler.VirtualPath = "/trunk"
		Release.AspNetCompiler.PhysicalPath = "..\Example\"
		Release.AspNetCompiler.TargetPath = "PrecompiledWeb\trunk\"
		Release.AspNetCompiler.Updateable = "true"
		Release.AspNetCompiler.ForceOverwrite = "true"
		Release.AspNetCompiler.FixedNames = "false"
		Release.AspNetCompiler.Debug = "False"
		VWDPort = "16335"
	EndProjectSection
EndProject
Project("{FAE04EC0-301F-11D3-BF4B-00C04F79EFBC}") = "facebook-asp-sdk", "..\FB_ASP_SDK\facebook-asp-sdk.csproj", "{97B5D0B9-44AD-4FED-98E3-5F2707FBB7F1}"
EndProject
Global
	GlobalSection(SolutionConfigurationPlatforms) = preSolution
		Debug|Any CPU = Debug|Any CPU
		Release|Any CPU = Release|Any CPU
	EndGlobalSection
	GlobalSection(ProjectConfigurationPlatforms) = postSolution
		{1487E570-2106-42C5-912D-6BC205826F4C}.Debug|Any CPU.ActiveCfg = Debug|Any CPU
		{1487E570-2106-42C5-912D-6BC205826F4C}.Debug|Any CPU.Build.0 = Debug|Any CPU
		{1487E570-2106-42C5-912D-6BC205826F4C}.Release|Any CPU.ActiveCfg = Debug|Any CPU
		{1487E570-2106-42C5-912D-6BC205826F4C}.Release|Any CPU.Build.0 = Debug|Any CPU
		{97B5D0B9-44AD-4FED-98E3-5F2707FBB7F1}.Debug|Any CPU.ActiveCfg = Debug|Any CPU
		{97B5D0B9-44AD-4FED-98E3-5F2707FBB7F1}.Debug|Any CPU.Build.0 = Debug|Any CPU
		{97B5D0B9-44AD-4FED-98E3-5F2707FBB7F1}.Release|Any CPU.ActiveCfg = Release|Any CPU
		{97B5D0B9-44AD-4FED-98E3-5F2707FBB7F1}.Release|Any CPU.Build.0 = Release|Any CPU
	EndGlobalSection
	GlobalSection(SolutionProperties) = preSolution
		HideSolutionNode = FALSE
	EndGlobalSection
EndGlobal
